// !$*UTF8*$!
{
	archiveVersion = 1;
	classes = {
	};
	objectVersion = 50;
	objects = {

/* Begin PBXBuildFile section */
		0860755A23A130B4003E027C /* LoginResponseModel.swift in Sources */ = {isa = PBXBuildFile; fileRef = 0860755923A130B4003E027C /* LoginResponseModel.swift */; };
		089BC4CA23A21BC600827978 /* ImageViewDesign.swift in Sources */ = {isa = PBXBuildFile; fileRef = 089BC4C923A21BC600827978 /* ImageViewDesign.swift */; };
		089BC4CC23A229C200827978 /* UserActivityCell.swift in Sources */ = {isa = PBXBuildFile; fileRef = 089BC4CB23A229C200827978 /* UserActivityCell.swift */; };
		089BC4CE23A22FF500827978 /* UIColor+Extension.swift in Sources */ = {isa = PBXBuildFile; fileRef = 089BC4CD23A22FF500827978 /* UIColor+Extension.swift */; };
		089BC4D123A2678100827978 /* Kingfisher.framework in Frameworks */ = {isa = PBXBuildFile; fileRef = 089BC4D023A2678100827978 /* Kingfisher.framework */; };
		089BC4D223A2678100827978 /* Kingfisher.framework in Embed Frameworks */ = {isa = PBXBuildFile; fileRef = 089BC4D023A2678100827978 /* Kingfisher.framework */; settings = {ATTRIBUTES = (CodeSignOnCopy, RemoveHeadersOnCopy, ); }; };
		534A710F23A2B689007887D2 /* KisanHubTests.swift in Sources */ = {isa = PBXBuildFile; fileRef = 534A710C23A2B688007887D2 /* KisanHubTests.swift */; };
		534A711223A2B738007887D2 /* MockTask.swift in Sources */ = {isa = PBXBuildFile; fileRef = 534A711023A2B738007887D2 /* MockTask.swift */; };
		534A711323A2B738007887D2 /* MockURLSession.swift in Sources */ = {isa = PBXBuildFile; fileRef = 534A711123A2B738007887D2 /* MockURLSession.swift */; };
		534A711523A2B830007887D2 /* Activity.json in Resources */ = {isa = PBXBuildFile; fileRef = 534A711423A2B830007887D2 /* Activity.json */; };
		534A711723A2B881007887D2 /* XCTestCase+Extension.swift in Sources */ = {isa = PBXBuildFile; fileRef = 534A711623A2B880007887D2 /* XCTestCase+Extension.swift */; };
		534A711923A2B978007887D2 /* APIStub.swift in Sources */ = {isa = PBXBuildFile; fileRef = 534A711823A2B978007887D2 /* APIStub.swift */; };
		534A711B23A2C310007887D2 /* BaseUrl.swift in Sources */ = {isa = PBXBuildFile; fileRef = 534A711A23A2C310007887D2 /* BaseUrl.swift */; };
		534A711D23A2C33E007887D2 /* Headers.swift in Sources */ = {isa = PBXBuildFile; fileRef = 534A711C23A2C33E007887D2 /* Headers.swift */; };
		534A711F23A2C36C007887D2 /* APISubdomain.swift in Sources */ = {isa = PBXBuildFile; fileRef = 534A711E23A2C36C007887D2 /* APISubdomain.swift */; };
		534A712123A2C398007887D2 /* APIEndpoint.swift in Sources */ = {isa = PBXBuildFile; fileRef = 534A712023A2C398007887D2 /* APIEndpoint.swift */; };
		534A712323A2CB71007887D2 /* README in Resources */ = {isa = PBXBuildFile; fileRef = 534A712223A2CB71007887D2 /* README */; };
		537659AE23A1591600CB9B15 /* UserActivityViewController.swift in Sources */ = {isa = PBXBuildFile; fileRef = 537659AD23A1591600CB9B15 /* UserActivityViewController.swift */; };
		537659B023A1599B00CB9B15 /* UserActivityModel.swift in Sources */ = {isa = PBXBuildFile; fileRef = 537659AF23A1599B00CB9B15 /* UserActivityModel.swift */; };
		537659B223A159BB00CB9B15 /* UserActivityViewModel.swift in Sources */ = {isa = PBXBuildFile; fileRef = 537659B123A159BB00CB9B15 /* UserActivityViewModel.swift */; };
		537659B523A15E6700CB9B15 /* UserActivityProtocol.swift in Sources */ = {isa = PBXBuildFile; fileRef = 537659B423A15E6700CB9B15 /* UserActivityProtocol.swift */; };
		5383C62F23A1CB0A00292B2A /* LocalStore.swift in Sources */ = {isa = PBXBuildFile; fileRef = 5383C62E23A1CB0900292B2A /* LocalStore.swift */; };
		538EC67023A077E600151EA8 /* UIViewController+Extension.swift in Sources */ = {isa = PBXBuildFile; fileRef = 538EC66F23A077E600151EA8 /* UIViewController+Extension.swift */; };
		538EC67223A077F800151EA8 /* Codable+Extension.swift in Sources */ = {isa = PBXBuildFile; fileRef = 538EC67123A077F800151EA8 /* Codable+Extension.swift */; };
		5392341A239F305D00981473 /* KisanHubUITests.swift in Sources */ = {isa = PBXBuildFile; fileRef = 53923419239F305D00981473 /* KisanHubUITests.swift */; };
		53923433239F30D200981473 /* LaunchScreen.storyboard in Resources */ = {isa = PBXBuildFile; fileRef = 53923428239F30D100981473 /* LaunchScreen.storyboard */; };
		53923434239F30D200981473 /* Main.storyboard in Resources */ = {isa = PBXBuildFile; fileRef = 5392342A239F30D100981473 /* Main.storyboard */; };
		53923435239F30D200981473 /* Assets.xcassets in Resources */ = {isa = PBXBuildFile; fileRef = 5392342E239F30D100981473 /* Assets.xcassets */; };
		53923436239F30D200981473 /* AppDelegate.swift in Sources */ = {isa = PBXBuildFile; fileRef = 53923430239F30D100981473 /* AppDelegate.swift */; };
		53923437239F30D200981473 /* SceneDelegate.swift in Sources */ = {isa = PBXBuildFile; fileRef = 53923431239F30D100981473 /* SceneDelegate.swift */; };
		5392343D239F313000981473 /* LoginViewController.swift in Sources */ = {isa = PBXBuildFile; fileRef = 5392343C239F313000981473 /* LoginViewController.swift */; };
		53923448239F341200981473 /* CommonMethods.swift in Sources */ = {isa = PBXBuildFile; fileRef = 53923444239F341100981473 /* CommonMethods.swift */; };
		53923449239F341200981473 /* Enum.swift in Sources */ = {isa = PBXBuildFile; fileRef = 53923445239F341100981473 /* Enum.swift */; };
		5392344A239F341200981473 /* TextFieldDesign.swift in Sources */ = {isa = PBXBuildFile; fileRef = 53923447239F341100981473 /* TextFieldDesign.swift */; };
		5392344C239F37C200981473 /* ButtonDesign.swift in Sources */ = {isa = PBXBuildFile; fileRef = 5392344B239F37C200981473 /* ButtonDesign.swift */; };
		53DB879423A0087200867E39 /* ViewDesign.swift in Sources */ = {isa = PBXBuildFile; fileRef = 53DB879323A0087200867E39 /* ViewDesign.swift */; };
		53DB879823A011F700867E39 /* RequestManager.swift in Sources */ = {isa = PBXBuildFile; fileRef = 53DB879623A011F700867E39 /* RequestManager.swift */; };
		53DB879923A011F700867E39 /* APIConfiguration.swift in Sources */ = {isa = PBXBuildFile; fileRef = 53DB879723A011F700867E39 /* APIConfiguration.swift */; };
		53DB879D23A015AE00867E39 /* TypeAlias.swift in Sources */ = {isa = PBXBuildFile; fileRef = 53DB879C23A015AE00867E39 /* TypeAlias.swift */; };
		53DB879F23A0162100867E39 /* LoginRequestModel.swift in Sources */ = {isa = PBXBuildFile; fileRef = 53DB879E23A0162100867E39 /* LoginRequestModel.swift */; };
		53DB87A123A019F200867E39 /* LoginViewModel.swift in Sources */ = {isa = PBXBuildFile; fileRef = 53DB87A023A019F200867E39 /* LoginViewModel.swift */; };
/* End PBXBuildFile section */

/* Begin PBXContainerItemProxy section */
		5392340B239F305D00981473 /* PBXContainerItemProxy */ = {
			isa = PBXContainerItemProxy;
			containerPortal = 539233EC239F305B00981473 /* Project object */;
			proxyType = 1;
			remoteGlobalIDString = 539233F3239F305B00981473;
			remoteInfo = KisanHub;
		};
		53923416239F305D00981473 /* PBXContainerItemProxy */ = {
			isa = PBXContainerItemProxy;
			containerPortal = 539233EC239F305B00981473 /* Project object */;
			proxyType = 1;
			remoteGlobalIDString = 539233F3239F305B00981473;
			remoteInfo = KisanHub;
		};
/* End PBXContainerItemProxy section */

/* Begin PBXCopyFilesBuildPhase section */
		089BC4D323A2678100827978 /* Embed Frameworks */ = {
			isa = PBXCopyFilesBuildPhase;
			buildActionMask = 2147483647;
			dstPath = "";
			dstSubfolderSpec = 10;
			files = (
				089BC4D223A2678100827978 /* Kingfisher.framework in Embed Frameworks */,
			);
			name = "Embed Frameworks";
			runOnlyForDeploymentPostprocessing = 0;
		};
/* End PBXCopyFilesBuildPhase section */

/* Begin PBXFileReference section */
		0860755923A130B4003E027C /* LoginResponseModel.swift */ = {isa = PBXFileReference; lastKnownFileType = sourcecode.swift; path = LoginResponseModel.swift; sourceTree = "<group>"; };
		089BC4C923A21BC600827978 /* ImageViewDesign.swift */ = {isa = PBXFileReference; fileEncoding = 4; lastKnownFileType = sourcecode.swift; path = ImageViewDesign.swift; sourceTree = "<group>"; };
		089BC4CB23A229C200827978 /* UserActivityCell.swift */ = {isa = PBXFileReference; lastKnownFileType = sourcecode.swift; path = UserActivityCell.swift; sourceTree = "<group>"; };
		089BC4CD23A22FF500827978 /* UIColor+Extension.swift */ = {isa = PBXFileReference; lastKnownFileType = sourcecode.swift; path = "UIColor+Extension.swift"; sourceTree = "<group>"; };
		089BC4D023A2678100827978 /* Kingfisher.framework */ = {isa = PBXFileReference; lastKnownFileType = wrapper.framework; name = Kingfisher.framework; path = Carthage/Build/iOS/Kingfisher.framework; sourceTree = "<group>"; };
		534A710C23A2B688007887D2 /* KisanHubTests.swift */ = {isa = PBXFileReference; fileEncoding = 4; lastKnownFileType = sourcecode.swift; path = KisanHubTests.swift; sourceTree = "<group>"; };
		534A711023A2B738007887D2 /* MockTask.swift */ = {isa = PBXFileReference; fileEncoding = 4; lastKnownFileType = sourcecode.swift; path = MockTask.swift; sourceTree = "<group>"; };
		534A711123A2B738007887D2 /* MockURLSession.swift */ = {isa = PBXFileReference; fileEncoding = 4; lastKnownFileType = sourcecode.swift; path = MockURLSession.swift; sourceTree = "<group>"; };
		534A711423A2B830007887D2 /* Activity.json */ = {isa = PBXFileReference; lastKnownFileType = text.json; path = Activity.json; sourceTree = "<group>"; };
		534A711623A2B880007887D2 /* XCTestCase+Extension.swift */ = {isa = PBXFileReference; lastKnownFileType = sourcecode.swift; path = "XCTestCase+Extension.swift"; sourceTree = "<group>"; };
		534A711823A2B978007887D2 /* APIStub.swift */ = {isa = PBXFileReference; lastKnownFileType = sourcecode.swift; path = APIStub.swift; sourceTree = "<group>"; };
		534A711A23A2C310007887D2 /* BaseUrl.swift */ = {isa = PBXFileReference; lastKnownFileType = sourcecode.swift; path = BaseUrl.swift; sourceTree = "<group>"; };
		534A711C23A2C33E007887D2 /* Headers.swift */ = {isa = PBXFileReference; lastKnownFileType = sourcecode.swift; path = Headers.swift; sourceTree = "<group>"; };
		534A711E23A2C36C007887D2 /* APISubdomain.swift */ = {isa = PBXFileReference; lastKnownFileType = sourcecode.swift; path = APISubdomain.swift; sourceTree = "<group>"; };
		534A712023A2C398007887D2 /* APIEndpoint.swift */ = {isa = PBXFileReference; lastKnownFileType = sourcecode.swift; path = APIEndpoint.swift; sourceTree = "<group>"; };
		534A712223A2CB71007887D2 /* README */ = {isa = PBXFileReference; lastKnownFileType = text; path = README; sourceTree = "<group>"; };
		537659AD23A1591600CB9B15 /* UserActivityViewController.swift */ = {isa = PBXFileReference; lastKnownFileType = sourcecode.swift; path = UserActivityViewController.swift; sourceTree = "<group>"; };
		537659AF23A1599B00CB9B15 /* UserActivityModel.swift */ = {isa = PBXFileReference; lastKnownFileType = sourcecode.swift; path = UserActivityModel.swift; sourceTree = "<group>"; };
		537659B123A159BB00CB9B15 /* UserActivityViewModel.swift */ = {isa = PBXFileReference; lastKnownFileType = sourcecode.swift; path = UserActivityViewModel.swift; sourceTree = "<group>"; };
		537659B423A15E6700CB9B15 /* UserActivityProtocol.swift */ = {isa = PBXFileReference; lastKnownFileType = sourcecode.swift; path = UserActivityProtocol.swift; sourceTree = "<group>"; };
		5383C62E23A1CB0900292B2A /* LocalStore.swift */ = {isa = PBXFileReference; fileEncoding = 4; lastKnownFileType = sourcecode.swift; path = LocalStore.swift; sourceTree = "<group>"; };
		538EC66F23A077E600151EA8 /* UIViewController+Extension.swift */ = {isa = PBXFileReference; lastKnownFileType = sourcecode.swift; path = "UIViewController+Extension.swift"; sourceTree = "<group>"; };
		538EC67123A077F800151EA8 /* Codable+Extension.swift */ = {isa = PBXFileReference; lastKnownFileType = sourcecode.swift; path = "Codable+Extension.swift"; sourceTree = "<group>"; };
		539233F4239F305B00981473 /* KisanHubTest.app */ = {isa = PBXFileReference; explicitFileType = wrapper.application; includeInIndex = 0; path = KisanHubTest.app; sourceTree = BUILT_PRODUCTS_DIR; };
		53923405239F305C00981473 /* Info.plist */ = {isa = PBXFileReference; lastKnownFileType = text.plist.xml; path = Info.plist; sourceTree = "<group>"; };
		5392340A239F305D00981473 /* KisanHubTests.xctest */ = {isa = PBXFileReference; explicitFileType = wrapper.cfbundle; includeInIndex = 0; path = KisanHubTests.xctest; sourceTree = BUILT_PRODUCTS_DIR; };
		53923410239F305D00981473 /* Info.plist */ = {isa = PBXFileReference; lastKnownFileType = text.plist.xml; path = Info.plist; sourceTree = "<group>"; };
		53923415239F305D00981473 /* KisanHubUITests.xctest */ = {isa = PBXFileReference; explicitFileType = wrapper.cfbundle; includeInIndex = 0; path = KisanHubUITests.xctest; sourceTree = BUILT_PRODUCTS_DIR; };
		53923419239F305D00981473 /* KisanHubUITests.swift */ = {isa = PBXFileReference; lastKnownFileType = sourcecode.swift; path = KisanHubUITests.swift; sourceTree = "<group>"; };
		5392341B239F305D00981473 /* Info.plist */ = {isa = PBXFileReference; lastKnownFileType = text.plist.xml; path = Info.plist; sourceTree = "<group>"; };
		53923429239F30D100981473 /* Base */ = {isa = PBXFileReference; lastKnownFileType = file.storyboard; name = Base; path = Base.lproj/LaunchScreen.storyboard; sourceTree = "<group>"; };
		5392342B239F30D100981473 /* Base */ = {isa = PBXFileReference; lastKnownFileType = file.storyboard; name = Base; path = Base.lproj/Main.storyboard; sourceTree = "<group>"; };
		5392342E239F30D100981473 /* Assets.xcassets */ = {isa = PBXFileReference; lastKnownFileType = folder.assetcatalog; path = Assets.xcassets; sourceTree = "<group>"; };
		53923430239F30D100981473 /* AppDelegate.swift */ = {isa = PBXFileReference; fileEncoding = 4; lastKnownFileType = sourcecode.swift; path = AppDelegate.swift; sourceTree = "<group>"; };
		53923431239F30D100981473 /* SceneDelegate.swift */ = {isa = PBXFileReference; fileEncoding = 4; lastKnownFileType = sourcecode.swift; path = SceneDelegate.swift; sourceTree = "<group>"; };
		5392343C239F313000981473 /* LoginViewController.swift */ = {isa = PBXFileReference; lastKnownFileType = sourcecode.swift; path = LoginViewController.swift; sourceTree = "<group>"; };
		53923444239F341100981473 /* CommonMethods.swift */ = {isa = PBXFileReference; fileEncoding = 4; lastKnownFileType = sourcecode.swift; path = CommonMethods.swift; sourceTree = "<group>"; };
		53923445239F341100981473 /* Enum.swift */ = {isa = PBXFileReference; fileEncoding = 4; lastKnownFileType = sourcecode.swift; path = Enum.swift; sourceTree = "<group>"; };
		53923447239F341100981473 /* TextFieldDesign.swift */ = {isa = PBXFileReference; fileEncoding = 4; lastKnownFileType = sourcecode.swift; path = TextFieldDesign.swift; sourceTree = "<group>"; };
		5392344B239F37C200981473 /* ButtonDesign.swift */ = {isa = PBXFileReference; fileEncoding = 4; lastKnownFileType = sourcecode.swift; path = ButtonDesign.swift; sourceTree = "<group>"; };
		53DB879323A0087200867E39 /* ViewDesign.swift */ = {isa = PBXFileReference; fileEncoding = 4; lastKnownFileType = sourcecode.swift; path = ViewDesign.swift; sourceTree = "<group>"; };
		53DB879623A011F700867E39 /* RequestManager.swift */ = {isa = PBXFileReference; fileEncoding = 4; lastKnownFileType = sourcecode.swift; path = RequestManager.swift; sourceTree = "<group>"; };
		53DB879723A011F700867E39 /* APIConfiguration.swift */ = {isa = PBXFileReference; fileEncoding = 4; lastKnownFileType = sourcecode.swift; path = APIConfiguration.swift; sourceTree = "<group>"; };
		53DB879C23A015AE00867E39 /* TypeAlias.swift */ = {isa = PBXFileReference; fileEncoding = 4; lastKnownFileType = sourcecode.swift; path = TypeAlias.swift; sourceTree = "<group>"; };
		53DB879E23A0162100867E39 /* LoginRequestModel.swift */ = {isa = PBXFileReference; lastKnownFileType = sourcecode.swift; path = LoginRequestModel.swift; sourceTree = "<group>"; };
		53DB87A023A019F200867E39 /* LoginViewModel.swift */ = {isa = PBXFileReference; lastKnownFileType = sourcecode.swift; path = LoginViewModel.swift; sourceTree = "<group>"; };
/* End PBXFileReference section */

/* Begin PBXFrameworksBuildPhase section */
		539233F1239F305B00981473 /* Frameworks */ = {
			isa = PBXFrameworksBuildPhase;
			buildActionMask = 2147483647;
			files = (
				089BC4D123A2678100827978 /* Kingfisher.framework in Frameworks */,
			);
			runOnlyForDeploymentPostprocessing = 0;
		};
		53923407239F305D00981473 /* Frameworks */ = {
			isa = PBXFrameworksBuildPhase;
			buildActionMask = 2147483647;
			files = (
			);
			runOnlyForDeploymentPostprocessing = 0;
		};
		53923412239F305D00981473 /* Frameworks */ = {
			isa = PBXFrameworksBuildPhase;
			buildActionMask = 2147483647;
			files = (
			);
			runOnlyForDeploymentPostprocessing = 0;
		};
/* End PBXFrameworksBuildPhase section */

/* Begin PBXGroup section */
		089BC4CF23A2678100827978 /* Frameworks */ = {
			isa = PBXGroup;
			children = (
				089BC4D023A2678100827978 /* Kingfisher.framework */,
			);
			name = Frameworks;
			sourceTree = "<group>";
		};
		534A710723A2B688007887D2 /* SupportingFiles */ = {
			isa = PBXGroup;
			children = (
				53923410239F305D00981473 /* Info.plist */,
				534A711423A2B830007887D2 /* Activity.json */,
			);
			path = SupportingFiles;
			sourceTree = "<group>";
		};
		534A710823A2B688007887D2 /* APIStubs */ = {
			isa = PBXGroup;
			children = (
				534A711023A2B738007887D2 /* MockTask.swift */,
				534A711123A2B738007887D2 /* MockURLSession.swift */,
				534A711623A2B880007887D2 /* XCTestCase+Extension.swift */,
				534A711823A2B978007887D2 /* APIStub.swift */,
			);
			path = APIStubs;
			sourceTree = "<group>";
		};
		534A710B23A2B688007887D2 /* TestCases */ = {
			isa = PBXGroup;
			children = (
				534A710C23A2B688007887D2 /* KisanHubTests.swift */,
			);
			path = TestCases;
			sourceTree = "<group>";
		};
		537659A923A158A400CB9B15 /* UserActivities */ = {
			isa = PBXGroup;
			children = (
				537659B323A15E4B00CB9B15 /* Protocol */,
				537659AC23A158DE00CB9B15 /* ViewModel */,
				537659AB23A158D700CB9B15 /* View */,
				537659AA23A158CF00CB9B15 /* Model */,
			);
			path = UserActivities;
			sourceTree = "<group>";
		};
		537659AA23A158CF00CB9B15 /* Model */ = {
			isa = PBXGroup;
			children = (
				537659AF23A1599B00CB9B15 /* UserActivityModel.swift */,
			);
			path = Model;
			sourceTree = "<group>";
		};
		537659AB23A158D700CB9B15 /* View */ = {
			isa = PBXGroup;
			children = (
				537659AD23A1591600CB9B15 /* UserActivityViewController.swift */,
				089BC4CB23A229C200827978 /* UserActivityCell.swift */,
			);
			path = View;
			sourceTree = "<group>";
		};
		537659AC23A158DE00CB9B15 /* ViewModel */ = {
			isa = PBXGroup;
			children = (
				537659B123A159BB00CB9B15 /* UserActivityViewModel.swift */,
			);
			path = ViewModel;
			sourceTree = "<group>";
		};
		537659B323A15E4B00CB9B15 /* Protocol */ = {
			isa = PBXGroup;
			children = (
				537659B423A15E6700CB9B15 /* UserActivityProtocol.swift */,
			);
			path = Protocol;
			sourceTree = "<group>";
		};
		538EC66E23A077C700151EA8 /* Extensions */ = {
			isa = PBXGroup;
			children = (
				538EC66F23A077E600151EA8 /* UIViewController+Extension.swift */,
				538EC67123A077F800151EA8 /* Codable+Extension.swift */,
				089BC4CD23A22FF500827978 /* UIColor+Extension.swift */,
			);
			path = Extensions;
			sourceTree = "<group>";
		};
		539233EB239F305B00981473 = {
			isa = PBXGroup;
			children = (
				534A712223A2CB71007887D2 /* README */,
				539233F6239F305B00981473 /* KisanHub */,
				5392340D239F305D00981473 /* KisanHubTests */,
				53923418239F305D00981473 /* KisanHubUITests */,
				539233F5239F305B00981473 /* Products */,
				089BC4CF23A2678100827978 /* Frameworks */,
			);
			sourceTree = "<group>";
		};
		539233F5239F305B00981473 /* Products */ = {
			isa = PBXGroup;
			children = (
				539233F4239F305B00981473 /* KisanHubTest.app */,
				5392340A239F305D00981473 /* KisanHubTests.xctest */,
				53923415239F305D00981473 /* KisanHubUITests.xctest */,
			);
			name = Products;
			sourceTree = "<group>";
		};
		539233F6239F305B00981473 /* KisanHub */ = {
			isa = PBXGroup;
			children = (
				5392342F239F30D100981473 /* AppDelegate */,
				53923432239F30D200981473 /* AppModule */,
				5392342D239F30D100981473 /* Assets */,
				53923427239F30D100981473 /* Storyboard */,
				53DB879523A011F700867E39 /* NetworkService */,
				5392343E239F314D00981473 /* Utilities */,
				5392342C239F30D100981473 /* SupportingFiles */,
			);
			path = KisanHub;
			sourceTree = "<group>";
		};
		5392340D239F305D00981473 /* KisanHubTests */ = {
			isa = PBXGroup;
			children = (
				534A710B23A2B688007887D2 /* TestCases */,
				534A710823A2B688007887D2 /* APIStubs */,
				534A710723A2B688007887D2 /* SupportingFiles */,
			);
			path = KisanHubTests;
			sourceTree = "<group>";
		};
		53923418239F305D00981473 /* KisanHubUITests */ = {
			isa = PBXGroup;
			children = (
				53923419239F305D00981473 /* KisanHubUITests.swift */,
				5392341B239F305D00981473 /* Info.plist */,
			);
			path = KisanHubUITests;
			sourceTree = "<group>";
		};
		53923427239F30D100981473 /* Storyboard */ = {
			isa = PBXGroup;
			children = (
				53923428239F30D100981473 /* LaunchScreen.storyboard */,
				5392342A239F30D100981473 /* Main.storyboard */,
			);
			path = Storyboard;
			sourceTree = "<group>";
		};
		5392342C239F30D100981473 /* SupportingFiles */ = {
			isa = PBXGroup;
			children = (
				53923405239F305C00981473 /* Info.plist */,
			);
			path = SupportingFiles;
			sourceTree = "<group>";
		};
		5392342D239F30D100981473 /* Assets */ = {
			isa = PBXGroup;
			children = (
				5392342E239F30D100981473 /* Assets.xcassets */,
			);
			path = Assets;
			sourceTree = "<group>";
		};
		5392342F239F30D100981473 /* AppDelegate */ = {
			isa = PBXGroup;
			children = (
				53923430239F30D100981473 /* AppDelegate.swift */,
				53923431239F30D100981473 /* SceneDelegate.swift */,
			);
			path = AppDelegate;
			sourceTree = "<group>";
		};
		53923432239F30D200981473 /* AppModule */ = {
			isa = PBXGroup;
			children = (
				537659A923A158A400CB9B15 /* UserActivities */,
				53923438239F30F100981473 /* Login */,
			);
			path = AppModule;
			sourceTree = "<group>";
		};
		53923438239F30F100981473 /* Login */ = {
			isa = PBXGroup;
			children = (
				5392343B239F311600981473 /* ViewModel */,
				5392343A239F310700981473 /* View */,
				53923439239F30FA00981473 /* Model */,
			);
			path = Login;
			sourceTree = "<group>";
		};
		53923439239F30FA00981473 /* Model */ = {
			isa = PBXGroup;
			children = (
				53DB879E23A0162100867E39 /* LoginRequestModel.swift */,
				0860755923A130B4003E027C /* LoginResponseModel.swift */,
			);
			path = Model;
			sourceTree = "<group>";
		};
		5392343A239F310700981473 /* View */ = {
			isa = PBXGroup;
			children = (
				5392343C239F313000981473 /* LoginViewController.swift */,
			);
			path = View;
			sourceTree = "<group>";
		};
		5392343B239F311600981473 /* ViewModel */ = {
			isa = PBXGroup;
			children = (
				53DB87A023A019F200867E39 /* LoginViewModel.swift */,
			);
			path = ViewModel;
			sourceTree = "<group>";
		};
		5392343E239F314D00981473 /* Utilities */ = {
			isa = PBXGroup;
			children = (
				538EC66E23A077C700151EA8 /* Extensions */,
				53923443239F341100981473 /* Common */,
				53923446239F341100981473 /* IBDesignableComponent */,
			);
			path = Utilities;
			sourceTree = "<group>";
		};
		53923443239F341100981473 /* Common */ = {
			isa = PBXGroup;
			children = (
				5383C62E23A1CB0900292B2A /* LocalStore.swift */,
				53DB879C23A015AE00867E39 /* TypeAlias.swift */,
				53923444239F341100981473 /* CommonMethods.swift */,
				53923445239F341100981473 /* Enum.swift */,
			);
			path = Common;
			sourceTree = "<group>";
		};
		53923446239F341100981473 /* IBDesignableComponent */ = {
			isa = PBXGroup;
			children = (
				089BC4C923A21BC600827978 /* ImageViewDesign.swift */,
				53DB879323A0087200867E39 /* ViewDesign.swift */,
				5392344B239F37C200981473 /* ButtonDesign.swift */,
				53923447239F341100981473 /* TextFieldDesign.swift */,
			);
			path = IBDesignableComponent;
			sourceTree = "<group>";
		};
		53DB879523A011F700867E39 /* NetworkService */ = {
			isa = PBXGroup;
			children = (
				53DB879623A011F700867E39 /* RequestManager.swift */,
				53DB879723A011F700867E39 /* APIConfiguration.swift */,
				534A711A23A2C310007887D2 /* BaseUrl.swift */,
				534A711C23A2C33E007887D2 /* Headers.swift */,
				534A711E23A2C36C007887D2 /* APISubdomain.swift */,
				534A712023A2C398007887D2 /* APIEndpoint.swift */,
			);
			path = NetworkService;
			sourceTree = "<group>";
		};
/* End PBXGroup section */

/* Begin PBXNativeTarget section */
		539233F3239F305B00981473 /* KisanHub */ = {
			isa = PBXNativeTarget;
			buildConfigurationList = 5392341E239F305D00981473 /* Build configuration list for PBXNativeTarget "KisanHub" */;
			buildPhases = (
				539233F0239F305B00981473 /* Sources */,
				539233F1239F305B00981473 /* Frameworks */,
				539233F2239F305B00981473 /* Resources */,
				089BC4D323A2678100827978 /* Embed Frameworks */,
				089BC4D423A2678F00827978 /* ShellScript */,
			);
			buildRules = (
			);
			dependencies = (
			);
			name = KisanHub;
			productName = KisanHub;
			productReference = 539233F4239F305B00981473 /* KisanHubTest.app */;
			productType = "com.apple.product-type.application";
		};
		53923409239F305D00981473 /* KisanHubTests */ = {
			isa = PBXNativeTarget;
			buildConfigurationList = 53923421239F305D00981473 /* Build configuration list for PBXNativeTarget "KisanHubTests" */;
			buildPhases = (
				53923406239F305D00981473 /* Sources */,
				53923407239F305D00981473 /* Frameworks */,
				53923408239F305D00981473 /* Resources */,
			);
			buildRules = (
			);
			dependencies = (
				5392340C239F305D00981473 /* PBXTargetDependency */,
			);
			name = KisanHubTests;
			productName = KisanHubTests;
			productReference = 5392340A239F305D00981473 /* KisanHubTests.xctest */;
			productType = "com.apple.product-type.bundle.unit-test";
		};
		53923414239F305D00981473 /* KisanHubUITests */ = {
			isa = PBXNativeTarget;
			buildConfigurationList = 53923424239F305D00981473 /* Build configuration list for PBXNativeTarget "KisanHubUITests" */;
			buildPhases = (
				53923411239F305D00981473 /* Sources */,
				53923412239F305D00981473 /* Frameworks */,
				53923413239F305D00981473 /* Resources */,
			);
			buildRules = (
			);
			dependencies = (
				53923417239F305D00981473 /* PBXTargetDependency */,
			);
			name = KisanHubUITests;
			productName = KisanHubUITests;
			productReference = 53923415239F305D00981473 /* KisanHubUITests.xctest */;
			productType = "com.apple.product-type.bundle.ui-testing";
		};
/* End PBXNativeTarget section */

/* Begin PBXProject section */
		539233EC239F305B00981473 /* Project object */ = {
			isa = PBXProject;
			attributes = {
				LastSwiftUpdateCheck = 1110;
				LastUpgradeCheck = 1110;
				ORGANIZATIONNAME = prafulmahajan;
				TargetAttributes = {
					539233F3239F305B00981473 = {
						CreatedOnToolsVersion = 11.1;
					};
					53923409239F305D00981473 = {
						CreatedOnToolsVersion = 11.1;
						TestTargetID = 539233F3239F305B00981473;
					};
					53923414239F305D00981473 = {
						CreatedOnToolsVersion = 11.1;
						TestTargetID = 539233F3239F305B00981473;
					};
				};
			};
			buildConfigurationList = 539233EF239F305B00981473 /* Build configuration list for PBXProject "KisanHub" */;
			compatibilityVersion = "Xcode 9.3";
			developmentRegion = en;
			hasScannedForEncodings = 0;
			knownRegions = (
				en,
				Base,
			);
			mainGroup = 539233EB239F305B00981473;
			productRefGroup = 539233F5239F305B00981473 /* Products */;
			projectDirPath = "";
			projectRoot = "";
			targets = (
				539233F3239F305B00981473 /* KisanHub */,
				53923409239F305D00981473 /* KisanHubTests */,
				53923414239F305D00981473 /* KisanHubUITests */,
			);
		};
/* End PBXProject section */

/* Begin PBXResourcesBuildPhase section */
		539233F2239F305B00981473 /* Resources */ = {
			isa = PBXResourcesBuildPhase;
			buildActionMask = 2147483647;
			files = (
				534A712323A2CB71007887D2 /* README in Resources */,
				53923433239F30D200981473 /* LaunchScreen.storyboard in Resources */,
				53923435239F30D200981473 /* Assets.xcassets in Resources */,
				53923434239F30D200981473 /* Main.storyboard in Resources */,
			);
			runOnlyForDeploymentPostprocessing = 0;
		};
		53923408239F305D00981473 /* Resources */ = {
			isa = PBXResourcesBuildPhase;
			buildActionMask = 2147483647;
			files = (
				534A711523A2B830007887D2 /* Activity.json in Resources */,
			);
			runOnlyForDeploymentPostprocessing = 0;
		};
		53923413239F305D00981473 /* Resources */ = {
			isa = PBXResourcesBuildPhase;
			buildActionMask = 2147483647;
			files = (
			);
			runOnlyForDeploymentPostprocessing = 0;
		};
/* End PBXResourcesBuildPhase section */

/* Begin PBXShellScriptBuildPhase section */
		089BC4D423A2678F00827978 /* ShellScript */ = {
			isa = PBXShellScriptBuildPhase;
			buildActionMask = 8;
			files = (
			);
			inputFileListPaths = (
			);
			inputPaths = (
				"$(SRCROOT)/Carthage/Build/iOS/Kingfisher.framework",
			);
			outputFileListPaths = (
			);
			outputPaths = (
			);
			runOnlyForDeploymentPostprocessing = 1;
			shellPath = "/usr/local/bin/carthage copy-frameworks";
			shellScript = "# Type a script or drag a script file from your workspace to insert its path.\n";
		};
/* End PBXShellScriptBuildPhase section */

/* Begin PBXSourcesBuildPhase section */
		539233F0239F305B00981473 /* Sources */ = {
			isa = PBXSourcesBuildPhase;
			buildActionMask = 2147483647;
			files = (
				537659AE23A1591600CB9B15 /* UserActivityViewController.swift in Sources */,
				53DB879423A0087200867E39 /* ViewDesign.swift in Sources */,
				53DB879F23A0162100867E39 /* LoginRequestModel.swift in Sources */,
				089BC4CE23A22FF500827978 /* UIColor+Extension.swift in Sources */,
				534A711D23A2C33E007887D2 /* Headers.swift in Sources */,
				5392343D239F313000981473 /* LoginViewController.swift in Sources */,
				534A711F23A2C36C007887D2 /* APISubdomain.swift in Sources */,
				534A712123A2C398007887D2 /* APIEndpoint.swift in Sources */,
				538EC67023A077E600151EA8 /* UIViewController+Extension.swift in Sources */,
				089BC4CC23A229C200827978 /* UserActivityCell.swift in Sources */,
				538EC67223A077F800151EA8 /* Codable+Extension.swift in Sources */,
				53923436239F30D200981473 /* AppDelegate.swift in Sources */,
				537659B523A15E6700CB9B15 /* UserActivityProtocol.swift in Sources */,
				5383C62F23A1CB0A00292B2A /* LocalStore.swift in Sources */,
				53923437239F30D200981473 /* SceneDelegate.swift in Sources */,
				5392344C239F37C200981473 /* ButtonDesign.swift in Sources */,
				53DB87A123A019F200867E39 /* LoginViewModel.swift in Sources */,
				5392344A239F341200981473 /* TextFieldDesign.swift in Sources */,
				53DB879D23A015AE00867E39 /* TypeAlias.swift in Sources */,
				53DB879823A011F700867E39 /* RequestManager.swift in Sources */,
				537659B223A159BB00CB9B15 /* UserActivityViewModel.swift in Sources */,
				0860755A23A130B4003E027C /* LoginResponseModel.swift in Sources */,
				53DB879923A011F700867E39 /* APIConfiguration.swift in Sources */,
				089BC4CA23A21BC600827978 /* ImageViewDesign.swift in Sources */,
				534A711B23A2C310007887D2 /* BaseUrl.swift in Sources */,
				537659B023A1599B00CB9B15 /* UserActivityModel.swift in Sources */,
				53923449239F341200981473 /* Enum.swift in Sources */,
				53923448239F341200981473 /* CommonMethods.swift in Sources */,
			);
			runOnlyForDeploymentPostprocessing = 0;
		};
		53923406239F305D00981473 /* Sources */ = {
			isa = PBXSourcesBuildPhase;
			buildActionMask = 2147483647;
			files = (
				534A711923A2B978007887D2 /* APIStub.swift in Sources */,
				534A711723A2B881007887D2 /* XCTestCase+Extension.swift in Sources */,
				534A711323A2B738007887D2 /* MockURLSession.swift in Sources */,
				534A711223A2B738007887D2 /* MockTask.swift in Sources */,
				534A710F23A2B689007887D2 /* KisanHubTests.swift in Sources */,
			);
			runOnlyForDeploymentPostprocessing = 0;
		};
		53923411239F305D00981473 /* Sources */ = {
			isa = PBXSourcesBuildPhase;
			buildActionMask = 2147483647;
			files = (
				5392341A239F305D00981473 /* KisanHubUITests.swift in Sources */,
			);
			runOnlyForDeploymentPostprocessing = 0;
		};
/* End PBXSourcesBuildPhase section */

/* Begin PBXTargetDependency section */
		5392340C239F305D00981473 /* PBXTargetDependency */ = {
			isa = PBXTargetDependency;
			target = 539233F3239F305B00981473 /* KisanHub */;
			targetProxy = 5392340B239F305D00981473 /* PBXContainerItemProxy */;
		};
		53923417239F305D00981473 /* PBXTargetDependency */ = {
			isa = PBXTargetDependency;
			target = 539233F3239F305B00981473 /* KisanHub */;
			targetProxy = 53923416239F305D00981473 /* PBXContainerItemProxy */;
		};
/* End PBXTargetDependency section */

/* Begin PBXVariantGroup section */
		53923428239F30D100981473 /* LaunchScreen.storyboard */ = {
			isa = PBXVariantGroup;
			children = (
				53923429239F30D100981473 /* Base */,
			);
			name = LaunchScreen.storyboard;
			sourceTree = "<group>";
		};
		5392342A239F30D100981473 /* Main.storyboard */ = {
			isa = PBXVariantGroup;
			children = (
				5392342B239F30D100981473 /* Base */,
			);
			name = Main.storyboard;
			sourceTree = "<group>";
		};
/* End PBXVariantGroup section */

/* Begin XCBuildConfiguration section */
		5392341C239F305D00981473 /* Debug */ = {
			isa = XCBuildConfiguration;
			buildSettings = {
				ALWAYS_SEARCH_USER_PATHS = NO;
				CLANG_ANALYZER_NONNULL = YES;
				CLANG_ANALYZER_NUMBER_OBJECT_CONVERSION = YES_AGGRESSIVE;
				CLANG_CXX_LANGUAGE_STANDARD = "gnu++14";
				CLANG_CXX_LIBRARY = "libc++";
				CLANG_ENABLE_MODULES = YES;
				CLANG_ENABLE_OBJC_ARC = YES;
				CLANG_ENABLE_OBJC_WEAK = YES;
				CLANG_WARN_BLOCK_CAPTURE_AUTORELEASING = YES;
				CLANG_WARN_BOOL_CONVERSION = YES;
				CLANG_WARN_COMMA = YES;
				CLANG_WARN_CONSTANT_CONVERSION = YES;
				CLANG_WARN_DEPRECATED_OBJC_IMPLEMENTATIONS = YES;
				CLANG_WARN_DIRECT_OBJC_ISA_USAGE = YES_ERROR;
				CLANG_WARN_DOCUMENTATION_COMMENTS = YES;
				CLANG_WARN_EMPTY_BODY = YES;
				CLANG_WARN_ENUM_CONVERSION = YES;
				CLANG_WARN_INFINITE_RECURSION = YES;
				CLANG_WARN_INT_CONVERSION = YES;
				CLANG_WARN_NON_LITERAL_NULL_CONVERSION = YES;
				CLANG_WARN_OBJC_IMPLICIT_RETAIN_SELF = YES;
				CLANG_WARN_OBJC_LITERAL_CONVERSION = YES;
				CLANG_WARN_OBJC_ROOT_CLASS = YES_ERROR;
				CLANG_WARN_RANGE_LOOP_ANALYSIS = YES;
				CLANG_WARN_STRICT_PROTOTYPES = YES;
				CLANG_WARN_SUSPICIOUS_MOVE = YES;
				CLANG_WARN_UNGUARDED_AVAILABILITY = YES_AGGRESSIVE;
				CLANG_WARN_UNREACHABLE_CODE = YES;
				CLANG_WARN__DUPLICATE_METHOD_MATCH = YES;
				COPY_PHASE_STRIP = NO;
				DEBUG_INFORMATION_FORMAT = dwarf;
				ENABLE_STRICT_OBJC_MSGSEND = YES;
				ENABLE_TESTABILITY = YES;
				GCC_C_LANGUAGE_STANDARD = gnu11;
				GCC_DYNAMIC_NO_PIC = NO;
				GCC_NO_COMMON_BLOCKS = YES;
				GCC_OPTIMIZATION_LEVEL = 0;
				GCC_PREPROCESSOR_DEFINITIONS = (
					"DEBUG=1",
					"$(inherited)",
				);
				GCC_WARN_64_TO_32_BIT_CONVERSION = YES;
				GCC_WARN_ABOUT_RETURN_TYPE = YES_ERROR;
				GCC_WARN_UNDECLARED_SELECTOR = YES;
				GCC_WARN_UNINITIALIZED_AUTOS = YES_AGGRESSIVE;
				GCC_WARN_UNUSED_FUNCTION = YES;
				GCC_WARN_UNUSED_VARIABLE = YES;
				IPHONEOS_DEPLOYMENT_TARGET = 13.0;
				MTL_ENABLE_DEBUG_INFO = INCLUDE_SOURCE;
				MTL_FAST_MATH = YES;
				ONLY_ACTIVE_ARCH = YES;
				SDKROOT = iphoneos;
				SWIFT_ACTIVE_COMPILATION_CONDITIONS = DEBUG;
				SWIFT_OPTIMIZATION_LEVEL = "-Onone";
				SWIFT_VERSION = 5.0;
			};
			name = Debug;
		};
		5392341D239F305D00981473 /* Release */ = {
			isa = XCBuildConfiguration;
			buildSettings = {
				ALWAYS_SEARCH_USER_PATHS = NO;
				CLANG_ANALYZER_NONNULL = YES;
				CLANG_ANALYZER_NUMBER_OBJECT_CONVERSION = YES_AGGRESSIVE;
				CLANG_CXX_LANGUAGE_STANDARD = "gnu++14";
				CLANG_CXX_LIBRARY = "libc++";
				CLANG_ENABLE_MODULES = YES;
				CLANG_ENABLE_OBJC_ARC = YES;
				CLANG_ENABLE_OBJC_WEAK = YES;
				CLANG_WARN_BLOCK_CAPTURE_AUTORELEASING = YES;
				CLANG_WARN_BOOL_CONVERSION = YES;
				CLANG_WARN_COMMA = YES;
				CLANG_WARN_CONSTANT_CONVERSION = YES;
				CLANG_WARN_DEPRECATED_OBJC_IMPLEMENTATIONS = YES;
				CLANG_WARN_DIRECT_OBJC_ISA_USAGE = YES_ERROR;
				CLANG_WARN_DOCUMENTATION_COMMENTS = YES;
				CLANG_WARN_EMPTY_BODY = YES;
				CLANG_WARN_ENUM_CONVERSION = YES;
				CLANG_WARN_INFINITE_RECURSION = YES;
				CLANG_WARN_INT_CONVERSION = YES;
				CLANG_WARN_NON_LITERAL_NULL_CONVERSION = YES;
				CLANG_WARN_OBJC_IMPLICIT_RETAIN_SELF = YES;
				CLANG_WARN_OBJC_LITERAL_CONVERSION = YES;
				CLANG_WARN_OBJC_ROOT_CLASS = YES_ERROR;
				CLANG_WARN_RANGE_LOOP_ANALYSIS = YES;
				CLANG_WARN_STRICT_PROTOTYPES = YES;
				CLANG_WARN_SUSPICIOUS_MOVE = YES;
				CLANG_WARN_UNGUARDED_AVAILABILITY = YES_AGGRESSIVE;
				CLANG_WARN_UNREACHABLE_CODE = YES;
				CLANG_WARN__DUPLICATE_METHOD_MATCH = YES;
				COPY_PHASE_STRIP = NO;
				DEBUG_INFORMATION_FORMAT = "dwarf-with-dsym";
				ENABLE_NS_ASSERTIONS = NO;
				ENABLE_STRICT_OBJC_MSGSEND = YES;
				GCC_C_LANGUAGE_STANDARD = gnu11;
				GCC_NO_COMMON_BLOCKS = YES;
				GCC_WARN_64_TO_32_BIT_CONVERSION = YES;
				GCC_WARN_ABOUT_RETURN_TYPE = YES_ERROR;
				GCC_WARN_UNDECLARED_SELECTOR = YES;
				GCC_WARN_UNINITIALIZED_AUTOS = YES_AGGRESSIVE;
				GCC_WARN_UNUSED_FUNCTION = YES;
				GCC_WARN_UNUSED_VARIABLE = YES;
				IPHONEOS_DEPLOYMENT_TARGET = 13.0;
				MTL_ENABLE_DEBUG_INFO = NO;
				MTL_FAST_MATH = YES;
				SDKROOT = iphoneos;
				SWIFT_COMPILATION_MODE = wholemodule;
				SWIFT_OPTIMIZATION_LEVEL = "-O";
				SWIFT_VERSION = 5.0;
				VALIDATE_PRODUCT = YES;
			};
			name = Release;
		};
		5392341F239F305D00981473 /* Debug */ = {
			isa = XCBuildConfiguration;
			buildSettings = {
				ASSETCATALOG_COMPILER_APPICON_NAME = AppIcon;
				CODE_SIGN_IDENTITY = "iPhone Developer";
				CODE_SIGN_STYLE = Manual;
				DEVELOPMENT_TEAM = 36Y6JW5R5J;
				FRAMEWORK_SEARCH_PATHS = (
					"$(inherited)",
					"$(PROJECT_DIR)/Carthage/Build/iOS",
				);
				INFOPLIST_FILE = KisanHub/SupportingFiles/Info.plist;
				IPHONEOS_DEPLOYMENT_TARGET = 13.0;
				LD_RUNPATH_SEARCH_PATHS = (
					"$(inherited)",
					"@executable_path/Frameworks",
				);
				PRODUCT_BUNDLE_IDENTIFIER = com.prafulmahajan.KisanHub;
				PRODUCT_NAME = KisanHubTest;
				PROVISIONING_PROFILE_SPECIFIER = MedXChat_Development_Profile;
				SWIFT_VERSION = 5.0;
				TARGETED_DEVICE_FAMILY = "1,2";
			};
			name = Debug;
		};
		53923420239F305D00981473 /* Release */ = {
			isa = XCBuildConfiguration;
			buildSettings = {
				ASSETCATALOG_COMPILER_APPICON_NAME = AppIcon;
				CODE_SIGN_IDENTITY = "iPhone Developer";
				CODE_SIGN_STYLE = Manual;
				DEVELOPMENT_TEAM = 36Y6JW5R5J;
				FRAMEWORK_SEARCH_PATHS = (
					"$(inherited)",
					"$(PROJECT_DIR)/Carthage/Build/iOS",
				);
				INFOPLIST_FILE = KisanHub/SupportingFiles/Info.plist;
				IPHONEOS_DEPLOYMENT_TARGET = 13.0;
				LD_RUNPATH_SEARCH_PATHS = (
					"$(inherited)",
					"@executable_path/Frameworks",
				);
				PRODUCT_BUNDLE_IDENTIFIER = com.prafulmahajan.KisanHub;
				PRODUCT_NAME = KisanHubTest;
				PROVISIONING_PROFILE_SPECIFIER = MedXChat_Development_Profile;
				SWIFT_VERSION = 5.0;
				TARGETED_DEVICE_FAMILY = "1,2";
			};
			name = Release;
		};
		53923422239F305D00981473 /* Debug */ = {
			isa = XCBuildConfiguration;
			buildSettings = {
				ALWAYS_EMBED_SWIFT_STANDARD_LIBRARIES = YES;
				BUNDLE_LOADER = "$(TEST_HOST)";
				CODE_SIGN_STYLE = Automatic;
				INFOPLIST_FILE = KisanHubTests/SupportingFiles/Info.plist;
				IPHONEOS_DEPLOYMENT_TARGET = 13.1;
				LD_RUNPATH_SEARCH_PATHS = (
					"$(inherited)",
					"@executable_path/Frameworks",
					"@loader_path/Frameworks",
				);
				PRODUCT_BUNDLE_IDENTIFIER = com.prafulmahajan.KisanHubTests;
				PRODUCT_NAME = "$(TARGET_NAME)";
				SWIFT_VERSION = 5.0;
				TARGETED_DEVICE_FAMILY = "1,2";
				TEST_HOST = "$(BUILT_PRODUCTS_DIR)/KisanHub.app/KisanHub";
			};
			name = Debug;
		};
		53923423239F305D00981473 /* Release */ = {
			isa = XCBuildConfiguration;
			buildSettings = {
				ALWAYS_EMBED_SWIFT_STANDARD_LIBRARIES = YES;
				BUNDLE_LOADER = "$(TEST_HOST)";
				CODE_SIGN_STYLE = Automatic;
				INFOPLIST_FILE = KisanHubTests/SupportingFiles/Info.plist;
				IPHONEOS_DEPLOYMENT_TARGET = 13.1;
				LD_RUNPATH_SEARCH_PATHS = (
					"$(inherited)",
					"@executable_path/Frameworks",
					"@loader_path/Frameworks",
				);
				PRODUCT_BUNDLE_IDENTIFIER = com.prafulmahajan.KisanHubTests;
				PRODUCT_NAME = "$(TARGET_NAME)";
				SWIFT_VERSION = 5.0;
				TARGETED_DEVICE_FAMILY = "1,2";
				TEST_HOST = "$(BUILT_PRODUCTS_DIR)/KisanHub.app/KisanHub";
			};
			name = Release;
		};
		53923425239F305D00981473 /* Debug */ = {
			isa = XCBuildConfiguration;
			buildSettings = {
				ALWAYS_EMBED_SWIFT_STANDARD_LIBRARIES = YES;
				CODE_SIGN_STYLE = Automatic;
				INFOPLIST_FILE = KisanHubUITests/Info.plist;
				LD_RUNPATH_SEARCH_PATHS = (
					"$(inherited)",
					"@executable_path/Frameworks",
					"@loader_path/Frameworks",
				);
				PRODUCT_BUNDLE_IDENTIFIER = com.prafulmahajan.KisanHubUITests;
				PRODUCT_NAME = "$(TARGET_NAME)";
				SWIFT_VERSION = 5.0;
				TARGETED_DEVICE_FAMILY = "1,2";
				TEST_TARGET_NAME = KisanHub;
			};
			name = Debug;
		};
		53923426239F305D00981473 /* Release */ = {
			isa = XCBuildConfiguration;
			buildSettings = {
				ALWAYS_EMBED_SWIFT_STANDARD_LIBRARIES = YES;
				CODE_SIGN_STYLE = Automatic;
				INFOPLIST_FILE = KisanHubUITests/Info.plist;
				LD_RUNPATH_SEARCH_PATHS = (
					"$(inherited)",
					"@executable_path/Frameworks",
					"@loader_path/Frameworks",
				);
				PRODUCT_BUNDLE_IDENTIFIER = com.prafulmahajan.KisanHubUITests;
				PRODUCT_NAME = "$(TARGET_NAME)";
				SWIFT_VERSION = 5.0;
				TARGETED_DEVICE_FAMILY = "1,2";
				TEST_TARGET_NAME = KisanHub;
			};
			name = Release;
		};
/* End XCBuildConfiguration section */

/* Begin XCConfigurationList section */
		539233EF239F305B00981473 /* Build configuration list for PBXProject "KisanHub" */ = {
			isa = XCConfigurationList;
			buildConfigurations = (
				5392341C239F305D00981473 /* Debug */,
				5392341D239F305D00981473 /* Release */,
			);
			defaultConfigurationIsVisible = 0;
			defaultConfigurationName = Release;
		};
		5392341E239F305D00981473 /* Build configuration list for PBXNativeTarget "KisanHub" */ = {
			isa = XCConfigurationList;
			buildConfigurations = (
				5392341F239F305D00981473 /* Debug */,
				53923420239F305D00981473 /* Release */,
			);
			defaultConfigurationIsVisible = 0;
			defaultConfigurationName = Release;
		};
		53923421239F305D00981473 /* Build configuration list for PBXNativeTarget "KisanHubTests" */ = {
			isa = XCConfigurationList;
			buildConfigurations = (
				53923422239F305D00981473 /* Debug */,
				53923423239F305D00981473 /* Release */,
			);
			defaultConfigurationIsVisible = 0;
			defaultConfigurationName = Release;
		};
		53923424239F305D00981473 /* Build configuration list for PBXNativeTarget "KisanHubUITests" */ = {
			isa = XCConfigurationList;
			buildConfigurations = (
				53923425239F305D00981473 /* Debug */,
				53923426239F305D00981473 /* Release */,
			);
			defaultConfigurationIsVisible = 0;
			defaultConfigurationName = Release;
		};
/* End XCConfigurationList section */
	};
	rootObject = 539233EC239F305B00981473 /* Project object */;
}
